
Microsoft Visual Studio Solution File, Format Version 12.00
Project("{FAE04EC0-301F-11D3-BF4B-00C04F79EFBC}") = "BookStore", "BookStore.csproj", "{92D401A8-A605-4EE9-B638-6F3E1172C8E9}"
EndProject
Global
	GlobalSection(SolutionConfigurationPlatforms) = preSolution
		Debug|Any CPU = Debug|Any CPU
		Release|Any CPU = Release|Any CPU
	EndGlobalSection
	GlobalSection(ProjectConfigurationPlatforms) = postSolution
		{92D401A8-A605-4EE9-B638-6F3E1172C8E9}.Debug|Any CPU.ActiveCfg = Debug|Any CPU
		{92D401A8-A605-4EE9-B638-6F3E1172C8E9}.Debug|Any CPU.Build.0 = Debug|Any CPU
		{92D401A8-A605-4EE9-B638-6F3E1172C8E9}.Release|Any CPU.ActiveCfg = Release|Any CPU
		{92D401A8-A605-4EE9-B638-6F3E1172C8E9}.Release|Any CPU.Build.0 = Release|Any CPU
	EndGlobalSection
EndGlobal
