
Microsoft Visual Studio Solution File, Format Version 12.00
Project("{FAE04EC0-301F-11D3-BF4B-00C04F79EFBC}") = "BirthdayGreetingsKata", "BirthdayGreetingsKata\BirthdayGreetingsKata.csproj", "{8D405788-2EF0-4945-A8AC-E9005F188347}"
EndProject
Project("{FAE04EC0-301F-11D3-BF4B-00C04F79EFBC}") = "BirthdayGreetingsKata.Tests", "BirthdayGreetingsKata.Tests\BirthdayGreetingsKata.Tests.csproj", "{F2A62459-FE33-4EAC-A1EA-92AD45BC1728}"
EndProject
Global
	GlobalSection(SolutionConfigurationPlatforms) = preSolution
		Debug|Any CPU = Debug|Any CPU
		Release|Any CPU = Release|Any CPU
	EndGlobalSection
	GlobalSection(ProjectConfigurationPlatforms) = postSolution
		{8D405788-2EF0-4945-A8AC-E9005F188347}.Debug|Any CPU.ActiveCfg = Debug|Any CPU
		{8D405788-2EF0-4945-A8AC-E9005F188347}.Debug|Any CPU.Build.0 = Debug|Any CPU
		{8D405788-2EF0-4945-A8AC-E9005F188347}.Release|Any CPU.ActiveCfg = Release|Any CPU
		{8D405788-2EF0-4945-A8AC-E9005F188347}.Release|Any CPU.Build.0 = Release|Any CPU
		{F2A62459-FE33-4EAC-A1EA-92AD45BC1728}.Debug|Any CPU.ActiveCfg = Debug|Any CPU
		{F2A62459-FE33-4EAC-A1EA-92AD45BC1728}.Debug|Any CPU.Build.0 = Debug|Any CPU
		{F2A62459-FE33-4EAC-A1EA-92AD45BC1728}.Release|Any CPU.ActiveCfg = Release|Any CPU
		{F2A62459-FE33-4EAC-A1EA-92AD45BC1728}.Release|Any CPU.Build.0 = Release|Any CPU
	EndGlobalSection
EndGlobal
